
Microsoft Visual Studio Solution File, Format Version 12.00
# Visual Studio Version 17
VisualStudioVersion = 17.3.32819.101
MinimumVisualStudioVersion = 10.0.40219.1
Project("{8BC9CEB8-8B4A-11D0-8D11-00A0C91BC942}") = "DMPLib", "DMPLib\DMPLib.vcxproj", "{A433D2CD-3C48-4437-89E1-252D9A76CE05}"
	ProjectSection(ProjectDependencies) = postProject
		{0B8280E5-E97A-4464-9CEE-4BE5F690D0E1} = {0B8280E5-E97A-4464-9CEE-4BE5F690D0E1}
	EndProjectSection
EndProject
Project("{8BC9CEB8-8B4A-11D0-8D11-00A0C91BC942}") = "DTMLib", "DTMLib\DTMLib.vcxproj", "{E3D161DF-5EA4-466D-863E-FE6CC2EC6B0B}"
	ProjectSection(ProjectDependencies) = postProject
		{0B8280E5-E97A-4464-9CEE-4BE5F690D0E1} = {0B8280E5-E97A-4464-9CEE-4BE5F690D0E1}
	EndProjectSection
EndProject
Project("{2150E333-8FDC-42A3-9474-1A3956D46DE8}") = "Testing", "Testing", "{4E0B467A-A4BE-4EB9-BAB5-F81C0CC0D995}"
EndProject
Project("{2150E333-8FDC-42A3-9474-1A3956D46DE8}") = "Math", "Math", "{FC39A102-14D1-48C6-94BC-2B0A0BC75C91}"
EndProject
Project("{2150E333-8FDC-42A3-9474-1A3956D46DE8}") = "Physics", "Physics", "{3F395C99-F94C-4F2D-96B7-29A6D34E1166}"
EndProject
Project("{2150E333-8FDC-42A3-9474-1A3956D46DE8}") = "Libraries", "Libraries", "{4A1D32C6-8981-48A5-B397-660FE76E34ED}"
EndProject
Project("{2150E333-8FDC-42A3-9474-1A3956D46DE8}") = "Utilities", "Utilities", "{51368B68-1E81-468D-83F4-3F37CCF81E03}"
EndProject
Project("{8BC9CEB8-8B4A-11D0-8D11-00A0C91BC942}") = "CUDLib", "CUDLib\CUDLib.vcxproj", "{0B8280E5-E97A-4464-9CEE-4BE5F690D0E1}"
EndProject
Project("{8BC9CEB8-8B4A-11D0-8D11-00A0C91BC942}") = "DUCLib - Testing", "DUCLib - Testing\DSCLib - Testing.vcxproj", "{D7FCDA56-CFAF-4557-B2BC-7B534A9591E7}"
	ProjectSection(ProjectDependencies) = postProject
		{0F797D33-7112-48B2-8056-326EB1066311} = {0F797D33-7112-48B2-8056-326EB1066311}
	EndProjectSection
EndProject
Project("{8BC9CEB8-8B4A-11D0-8D11-00A0C91BC942}") = "DUCLib", "DUCLib\DUCLib.vcxproj", "{49F0742B-15EA-42DD-999B-5B0692881946}"
	ProjectSection(ProjectDependencies) = postProject
		{03033CAC-B542-4D44-8437-3978EE9DE34D} = {03033CAC-B542-4D44-8437-3978EE9DE34D}
		{0F797D33-7112-48B2-8056-326EB1066311} = {0F797D33-7112-48B2-8056-326EB1066311}
	EndProjectSection
EndProject
Project("{2150E333-8FDC-42A3-9474-1A3956D46DE8}") = "Containers", "Containers", "{8217BFF4-1D71-421E-B8B3-869F0447735F}"
EndProject
Project("{8BC9CEB8-8B4A-11D0-8D11-00A0C91BC942}") = "DCLib", "DCLib\DCLib.vcxproj", "{03033CAC-B542-4D44-8437-3978EE9DE34D}"
EndProject
Project("{2150E333-8FDC-42A3-9474-1A3956D46DE8}") = "Security", "Security", "{3AF1820C-A303-4115-9E2E-FC8AB5AB42D4}"
EndProject
Project("{8BC9CEB8-8B4A-11D0-8D11-00A0C91BC942}") = "DTPLib", "DTLib\DTLib.vcxproj", "{0F797D33-7112-48B2-8056-326EB1066311}"
	ProjectSection(ProjectDependencies) = postProject
		{0B8280E5-E97A-4464-9CEE-4BE5F690D0E1} = {0B8280E5-E97A-4464-9CEE-4BE5F690D0E1}
	EndProjectSection
EndProject
Global
	GlobalSection(SolutionConfigurationPlatforms) = preSolution
		Debug|x64 = Debug|x64
		Debug|x86 = Debug|x86
		Release|x64 = Release|x64
		Release|x86 = Release|x86
	EndGlobalSection
	GlobalSection(ProjectConfigurationPlatforms) = postSolution
		{A433D2CD-3C48-4437-89E1-252D9A76CE05}.Debug|x64.ActiveCfg = Debug|x64
		{A433D2CD-3C48-4437-89E1-252D9A76CE05}.Debug|x64.Build.0 = Debug|x64
		{A433D2CD-3C48-4437-89E1-252D9A76CE05}.Debug|x86.ActiveCfg = Debug|Win32
		{A433D2CD-3C48-4437-89E1-252D9A76CE05}.Debug|x86.Build.0 = Debug|Win32
		{A433D2CD-3C48-4437-89E1-252D9A76CE05}.Release|x64.ActiveCfg = Release|x64
		{A433D2CD-3C48-4437-89E1-252D9A76CE05}.Release|x64.Build.0 = Release|x64
		{A433D2CD-3C48-4437-89E1-252D9A76CE05}.Release|x86.ActiveCfg = Release|Win32
		{A433D2CD-3C48-4437-89E1-252D9A76CE05}.Release|x86.Build.0 = Release|Win32
		{E3D161DF-5EA4-466D-863E-FE6CC2EC6B0B}.Debug|x64.ActiveCfg = Debug|x64
		{E3D161DF-5EA4-466D-863E-FE6CC2EC6B0B}.Debug|x64.Build.0 = Debug|x64
		{E3D161DF-5EA4-466D-863E-FE6CC2EC6B0B}.Debug|x86.ActiveCfg = Debug|Win32
		{E3D161DF-5EA4-466D-863E-FE6CC2EC6B0B}.Debug|x86.Build.0 = Debug|Win32
		{E3D161DF-5EA4-466D-863E-FE6CC2EC6B0B}.Release|x64.ActiveCfg = Release|x64
		{E3D161DF-5EA4-466D-863E-FE6CC2EC6B0B}.Release|x64.Build.0 = Release|x64
		{E3D161DF-5EA4-466D-863E-FE6CC2EC6B0B}.Release|x86.ActiveCfg = Release|Win32
		{E3D161DF-5EA4-466D-863E-FE6CC2EC6B0B}.Release|x86.Build.0 = Release|Win32
		{0B8280E5-E97A-4464-9CEE-4BE5F690D0E1}.Debug|x64.ActiveCfg = Debug|x64
		{0B8280E5-E97A-4464-9CEE-4BE5F690D0E1}.Debug|x64.Build.0 = Debug|x64
		{0B8280E5-E97A-4464-9CEE-4BE5F690D0E1}.Debug|x86.ActiveCfg = Debug|Win32
		{0B8280E5-E97A-4464-9CEE-4BE5F690D0E1}.Debug|x86.Build.0 = Debug|Win32
		{0B8280E5-E97A-4464-9CEE-4BE5F690D0E1}.Release|x64.ActiveCfg = Release|x64
		{0B8280E5-E97A-4464-9CEE-4BE5F690D0E1}.Release|x64.Build.0 = Release|x64
		{0B8280E5-E97A-4464-9CEE-4BE5F690D0E1}.Release|x86.ActiveCfg = Release|Win32
		{0B8280E5-E97A-4464-9CEE-4BE5F690D0E1}.Release|x86.Build.0 = Release|Win32
		{D7FCDA56-CFAF-4557-B2BC-7B534A9591E7}.Debug|x64.ActiveCfg = Debug|x64
		{D7FCDA56-CFAF-4557-B2BC-7B534A9591E7}.Debug|x64.Build.0 = Debug|x64
		{D7FCDA56-CFAF-4557-B2BC-7B534A9591E7}.Debug|x86.ActiveCfg = Debug|Win32
		{D7FCDA56-CFAF-4557-B2BC-7B534A9591E7}.Debug|x86.Build.0 = Debug|Win32
		{D7FCDA56-CFAF-4557-B2BC-7B534A9591E7}.Release|x64.ActiveCfg = Release|x64
		{D7FCDA56-CFAF-4557-B2BC-7B534A9591E7}.Release|x64.Build.0 = Release|x64
		{D7FCDA56-CFAF-4557-B2BC-7B534A9591E7}.Release|x86.ActiveCfg = Release|Win32
		{D7FCDA56-CFAF-4557-B2BC-7B534A9591E7}.Release|x86.Build.0 = Release|Win32
		{49F0742B-15EA-42DD-999B-5B0692881946}.Debug|x64.ActiveCfg = Debug|x64
		{49F0742B-15EA-42DD-999B-5B0692881946}.Debug|x64.Build.0 = Debug|x64
		{49F0742B-15EA-42DD-999B-5B0692881946}.Debug|x86.ActiveCfg = Debug|Win32
		{49F0742B-15EA-42DD-999B-5B0692881946}.Debug|x86.Build.0 = Debug|Win32
		{49F0742B-15EA-42DD-999B-5B0692881946}.Release|x64.ActiveCfg = Release|x64
		{49F0742B-15EA-42DD-999B-5B0692881946}.Release|x64.Build.0 = Release|x64
		{49F0742B-15EA-42DD-999B-5B0692881946}.Release|x86.ActiveCfg = Release|Win32
		{49F0742B-15EA-42DD-999B-5B0692881946}.Release|x86.Build.0 = Release|Win32
		{03033CAC-B542-4D44-8437-3978EE9DE34D}.Debug|x64.ActiveCfg = Debug|x64
		{03033CAC-B542-4D44-8437-3978EE9DE34D}.Debug|x64.Build.0 = Debug|x64
		{03033CAC-B542-4D44-8437-3978EE9DE34D}.Debug|x86.ActiveCfg = Debug|Win32
		{03033CAC-B542-4D44-8437-3978EE9DE34D}.Debug|x86.Build.0 = Debug|Win32
		{03033CAC-B542-4D44-8437-3978EE9DE34D}.Release|x64.ActiveCfg = Release|x64
		{03033CAC-B542-4D44-8437-3978EE9DE34D}.Release|x64.Build.0 = Release|x64
		{03033CAC-B542-4D44-8437-3978EE9DE34D}.Release|x86.ActiveCfg = Release|Win32
		{03033CAC-B542-4D44-8437-3978EE9DE34D}.Release|x86.Build.0 = Release|Win32
		{0F797D33-7112-48B2-8056-326EB1066311}.Debug|x64.ActiveCfg = Debug|x64
		{0F797D33-7112-48B2-8056-326EB1066311}.Debug|x64.Build.0 = Debug|x64
		{0F797D33-7112-48B2-8056-326EB1066311}.Debug|x86.ActiveCfg = Debug|Win32
		{0F797D33-7112-48B2-8056-326EB1066311}.Debug|x86.Build.0 = Debug|Win32
		{0F797D33-7112-48B2-8056-326EB1066311}.Release|x64.ActiveCfg = Release|x64
		{0F797D33-7112-48B2-8056-326EB1066311}.Release|x64.Build.0 = Release|x64
		{0F797D33-7112-48B2-8056-326EB1066311}.Release|x86.ActiveCfg = Release|Win32
		{0F797D33-7112-48B2-8056-326EB1066311}.Release|x86.Build.0 = Release|Win32
	EndGlobalSection
	GlobalSection(SolutionProperties) = preSolution
		HideSolutionNode = FALSE
	EndGlobalSection
	GlobalSection(NestedProjects) = preSolution
		{A433D2CD-3C48-4437-89E1-252D9A76CE05} = {3F395C99-F94C-4F2D-96B7-29A6D34E1166}
		{E3D161DF-5EA4-466D-863E-FE6CC2EC6B0B} = {FC39A102-14D1-48C6-94BC-2B0A0BC75C91}
		{FC39A102-14D1-48C6-94BC-2B0A0BC75C91} = {4A1D32C6-8981-48A5-B397-660FE76E34ED}
		{3F395C99-F94C-4F2D-96B7-29A6D34E1166} = {4A1D32C6-8981-48A5-B397-660FE76E34ED}
		{0B8280E5-E97A-4464-9CEE-4BE5F690D0E1} = {51368B68-1E81-468D-83F4-3F37CCF81E03}
		{D7FCDA56-CFAF-4557-B2BC-7B534A9591E7} = {4E0B467A-A4BE-4EB9-BAB5-F81C0CC0D995}
		{8217BFF4-1D71-421E-B8B3-869F0447735F} = {4A1D32C6-8981-48A5-B397-660FE76E34ED}
		{03033CAC-B542-4D44-8437-3978EE9DE34D} = {8217BFF4-1D71-421E-B8B3-869F0447735F}
		{3AF1820C-A303-4115-9E2E-FC8AB5AB42D4} = {4A1D32C6-8981-48A5-B397-660FE76E34ED}
		{0F797D33-7112-48B2-8056-326EB1066311} = {3AF1820C-A303-4115-9E2E-FC8AB5AB42D4}
	EndGlobalSection
	GlobalSection(ExtensibilityGlobals) = postSolution
		SolutionGuid = {2A4DFD11-FE4D-416F-9619-E1A8F32358FB}
	EndGlobalSection
EndGlobal
